// !$*UTF8*$!
{
	archiveVersion = 1;
	classes = {
	};
	objectVersion = 56;
	objects = {

/* Begin PBXBuildFile section */
		B3918ED7296C9D6D003A68E7 /* AppDelegate.swift in Sources */ = {isa = PBXBuildFile; fileRef = B3918ED6296C9D6D003A68E7 /* AppDelegate.swift */; };
		B3918ED9296C9D6D003A68E7 /* SceneDelegate.swift in Sources */ = {isa = PBXBuildFile; fileRef = B3918ED8296C9D6D003A68E7 /* SceneDelegate.swift */; };
		B3918EDB296C9D6D003A68E7 /* MemeViewController.swift in Sources */ = {isa = PBXBuildFile; fileRef = B3918EDA296C9D6D003A68E7 /* MemeViewController.swift */; };
		B3918EDE296C9D6D003A68E7 /* Main.storyboard in Resources */ = {isa = PBXBuildFile; fileRef = B3918EDC296C9D6D003A68E7 /* Main.storyboard */; };
		B3918EE0296C9D70003A68E7 /* Assets.xcassets in Resources */ = {isa = PBXBuildFile; fileRef = B3918EDF296C9D70003A68E7 /* Assets.xcassets */; };
		B3918EE3296C9D70003A68E7 /* LaunchScreen.storyboard in Resources */ = {isa = PBXBuildFile; fileRef = B3918EE1296C9D70003A68E7 /* LaunchScreen.storyboard */; };
		B3918EEB296CB61A003A68E7 /* MemeStruct.swift in Sources */ = {isa = PBXBuildFile; fileRef = B3918EEA296CB61A003A68E7 /* MemeStruct.swift */; };
		B3A5AE12297DF8EC00584A01 /* SentMemesViewController.swift in Sources */ = {isa = PBXBuildFile; fileRef = B3A5AE11297DF8EC00584A01 /* SentMemesViewController.swift */; };
		B3A5AE14297DF93100584A01 /* SentMemesCollectionViewController.swift in Sources */ = {isa = PBXBuildFile; fileRef = B3A5AE13297DF93100584A01 /* SentMemesCollectionViewController.swift */; };
		B3A5AE16297DF97C00584A01 /* MemeCollectionViewCell.swift in Sources */ = {isa = PBXBuildFile; fileRef = B3A5AE15297DF97C00584A01 /* MemeCollectionViewCell.swift */; };
		B3A5AE18297DF9B100584A01 /* DetailViewController.swift in Sources */ = {isa = PBXBuildFile; fileRef = B3A5AE17297DF9B100584A01 /* DetailViewController.swift */; };
/* End PBXBuildFile section */

/* Begin PBXFileReference section */
		B3918ED3296C9D6D003A68E7 /* MemeMeS.app */ = {isa = PBXFileReference; explicitFileType = wrapper.application; includeInIndex = 0; path = MemeMeS.app; sourceTree = BUILT_PRODUCTS_DIR; };
		B3918ED6296C9D6D003A68E7 /* AppDelegate.swift */ = {isa = PBXFileReference; lastKnownFileType = sourcecode.swift; path = AppDelegate.swift; sourceTree = "<group>"; };
		B3918ED8296C9D6D003A68E7 /* SceneDelegate.swift */ = {isa = PBXFileReference; lastKnownFileType = sourcecode.swift; path = SceneDelegate.swift; sourceTree = "<group>"; };
		B3918EDA296C9D6D003A68E7 /* MemeViewController.swift */ = {isa = PBXFileReference; lastKnownFileType = sourcecode.swift; path = MemeViewController.swift; sourceTree = "<group>"; };
		B3918EDD296C9D6D003A68E7 /* Base */ = {isa = PBXFileReference; lastKnownFileType = file.storyboard; name = Base; path = Base.lproj/Main.storyboard; sourceTree = "<group>"; };
		B3918EDF296C9D70003A68E7 /* Assets.xcassets */ = {isa = PBXFileReference; lastKnownFileType = folder.assetcatalog; path = Assets.xcassets; sourceTree = "<group>"; };
		B3918EE2296C9D70003A68E7 /* Base */ = {isa = PBXFileReference; lastKnownFileType = file.storyboard; name = Base; path = Base.lproj/LaunchScreen.storyboard; sourceTree = "<group>"; };
		B3918EE4296C9D70003A68E7 /* Info.plist */ = {isa = PBXFileReference; lastKnownFileType = text.plist.xml; path = Info.plist; sourceTree = "<group>"; };
		B3918EEA296CB61A003A68E7 /* MemeStruct.swift */ = {isa = PBXFileReference; lastKnownFileType = sourcecode.swift; path = MemeStruct.swift; sourceTree = "<group>"; };
		B3A5AE11297DF8EC00584A01 /* SentMemesViewController.swift */ = {isa = PBXFileReference; lastKnownFileType = sourcecode.swift; path = SentMemesViewController.swift; sourceTree = "<group>"; };
		B3A5AE13297DF93100584A01 /* SentMemesCollectionViewController.swift */ = {isa = PBXFileReference; lastKnownFileType = sourcecode.swift; path = SentMemesCollectionViewController.swift; sourceTree = "<group>"; };
		B3A5AE15297DF97C00584A01 /* MemeCollectionViewCell.swift */ = {isa = PBXFileReference; lastKnownFileType = sourcecode.swift; path = MemeCollectionViewCell.swift; sourceTree = "<group>"; };
		B3A5AE17297DF9B100584A01 /* DetailViewController.swift */ = {isa = PBXFileReference; lastKnownFileType = sourcecode.swift; path = DetailViewController.swift; sourceTree = "<group>"; };
/* End PBXFileReference section */

/* Begin PBXFrameworksBuildPhase section */
		B3918ED0296C9D6D003A68E7 /* Frameworks */ = {
			isa = PBXFrameworksBuildPhase;
			buildActionMask = 2147483647;
			files = (
			);
			runOnlyForDeploymentPostprocessing = 0;
		};
/* End PBXFrameworksBuildPhase section */

/* Begin PBXGroup section */
		B3918ECA296C9D6D003A68E7 = {
			isa = PBXGroup;
			children = (
				B3918ED5296C9D6D003A68E7 /* MemeMeS */,
				B3918ED4296C9D6D003A68E7 /* Products */,
			);
			sourceTree = "<group>";
		};
		B3918ED4296C9D6D003A68E7 /* Products */ = {
			isa = PBXGroup;
			children = (
				B3918ED3296C9D6D003A68E7 /* MemeMeS.app */,
			);
			name = Products;
			sourceTree = "<group>";
		};
		B3918ED5296C9D6D003A68E7 /* MemeMeS */ = {
			isa = PBXGroup;
			children = (
				B3918ED6296C9D6D003A68E7 /* AppDelegate.swift */,
				B3918ED8296C9D6D003A68E7 /* SceneDelegate.swift */,
				B3918EDA296C9D6D003A68E7 /* MemeViewController.swift */,
				B3A5AE11297DF8EC00584A01 /* SentMemesViewController.swift */,
				B3A5AE13297DF93100584A01 /* SentMemesCollectionViewController.swift */,
				B3A5AE15297DF97C00584A01 /* MemeCollectionViewCell.swift */,
				B3A5AE17297DF9B100584A01 /* DetailViewController.swift */,
				B3918EEA296CB61A003A68E7 /* MemeStruct.swift */,
				B3918EDC296C9D6D003A68E7 /* Main.storyboard */,
				B3918EDF296C9D70003A68E7 /* Assets.xcassets */,
				B3918EE1296C9D70003A68E7 /* LaunchScreen.storyboard */,
				B3918EE4296C9D70003A68E7 /* Info.plist */,
			);
			path = MemeMeS;
			sourceTree = "<group>";
		};
/* End PBXGroup section */

/* Begin PBXNativeTarget section */
		B3918ED2296C9D6D003A68E7 /* MemeMeS */ = {
			isa = PBXNativeTarget;
			buildConfigurationList = B3918EE7296C9D70003A68E7 /* Build configuration list for PBXNativeTarget "MemeMeS" */;
			buildPhases = (
				B3918ECF296C9D6D003A68E7 /* Sources */,
				B3918ED0296C9D6D003A68E7 /* Frameworks */,
				B3918ED1296C9D6D003A68E7 /* Resources */,
			);
			buildRules = (
			);
			dependencies = (
			);
			name = MemeMeS;
			productName = MemeMeS;
			productReference = B3918ED3296C9D6D003A68E7 /* MemeMeS.app */;
			productType = "com.apple.product-type.application";
		};
/* End PBXNativeTarget section */

/* Begin PBXProject section */
		B3918ECB296C9D6D003A68E7 /* Project object */ = {
			isa = PBXProject;
			attributes = {
				BuildIndependentTargetsInParallel = 1;
				LastSwiftUpdateCheck = 1410;
				LastUpgradeCheck = 1410;
				TargetAttributes = {
					B3918ED2296C9D6D003A68E7 = {
						CreatedOnToolsVersion = 14.1;
					};
				};
			};
			buildConfigurationList = B3918ECE296C9D6D003A68E7 /* Build configuration list for PBXProject "MemeMeS" */;
			compatibilityVersion = "Xcode 14.0";
			developmentRegion = en;
			hasScannedForEncodings = 0;
			knownRegions = (
				en,
				Base,
			);
			mainGroup = B3918ECA296C9D6D003A68E7;
			productRefGroup = B3918ED4296C9D6D003A68E7 /* Products */;
			projectDirPath = "";
			projectRoot = "";
			targets = (
				B3918ED2296C9D6D003A68E7 /* MemeMeS */,
			);
		};
/* End PBXProject section */

/* Begin PBXResourcesBuildPhase section */
		B3918ED1296C9D6D003A68E7 /* Resources */ = {
			isa = PBXResourcesBuildPhase;
			buildActionMask = 2147483647;
			files = (
				B3918EE3296C9D70003A68E7 /* LaunchScreen.storyboard in Resources */,
				B3918EE0296C9D70003A68E7 /* Assets.xcassets in Resources */,
				B3918EDE296C9D6D003A68E7 /* Main.storyboard in Resources */,
			);
			runOnlyForDeploymentPostprocessing = 0;
		};
/* End PBXResourcesBuildPhase section */

/* Begin PBXSourcesBuildPhase section */
		B3918ECF296C9D6D003A68E7 /* Sources */ = {
			isa = PBXSourcesBuildPhase;
			buildActionMask = 2147483647;
			files = (
				B3A5AE12297DF8EC00584A01 /* SentMemesViewController.swift in Sources */,
				B3918EEB296CB61A003A68E7 /* MemeStruct.swift in Sources */,
				B3A5AE14297DF93100584A01 /* SentMemesCollectionViewController.swift in Sources */,
				B3918EDB296C9D6D003A68E7 /* MemeViewController.swift in Sources */,
				B3A5AE16297DF97C00584A01 /* MemeCollectionViewCell.swift in Sources */,
				B3918ED7296C9D6D003A68E7 /* AppDelegate.swift in Sources */,
				B3918ED9296C9D6D003A68E7 /* SceneDelegate.swift in Sources */,
				B3A5AE18297DF9B100584A01 /* DetailViewController.swift in Sources */,
			);
			runOnlyForDeploymentPostprocessing = 0;
		};
/* End PBXSourcesBuildPhase section */

/* Begin PBXVariantGroup section */
		B3918EDC296C9D6D003A68E7 /* Main.storyboard */ = {
			isa = PBXVariantGroup;
			children = (
				B3918EDD296C9D6D003A68E7 /* Base */,
			);
			name = Main.storyboard;
			sourceTree = "<group>";
		};
		B3918EE1296C9D70003A68E7 /* LaunchScreen.storyboard */ = {
			isa = PBXVariantGroup;
			children = (
				B3918EE2296C9D70003A68E7 /* Base */,
			);
			name = LaunchScreen.storyboard;
			sourceTree = "<group>";
		};
/* End PBXVariantGroup section */

/* Begin XCBuildConfiguration section */
		B3918EE5296C9D70003A68E7 /* Debug */ = {
			isa = XCBuildConfiguration;
			buildSettings = {
				ALWAYS_SEARCH_USER_PATHS = NO;
				CLANG_ANALYZER_NONNULL = YES;
				CLANG_ANALYZER_NUMBER_OBJECT_CONVERSION = YES_AGGRESSIVE;
				CLANG_CXX_LANGUAGE_STANDARD = "gnu++20";
				CLANG_ENABLE_MODULES = YES;
				CLANG_ENABLE_OBJC_ARC = YES;
				CLANG_ENABLE_OBJC_WEAK = YES;
				CLANG_WARN_BLOCK_CAPTURE_AUTORELEASING = YES;
				CLANG_WARN_BOOL_CONVERSION = YES;
				CLANG_WARN_COMMA = YES;
				CLANG_WARN_CONSTANT_CONVERSION = YES;
				CLANG_WARN_DEPRECATED_OBJC_IMPLEMENTATIONS = YES;
				CLANG_WARN_DIRECT_OBJC_ISA_USAGE = YES_ERROR;
				CLANG_WARN_DOCUMENTATION_COMMENTS = YES;
				CLANG_WARN_EMPTY_BODY = YES;
				CLANG_WARN_ENUM_CONVERSION = YES;
				CLANG_WARN_INFINITE_RECURSION = YES;
				CLANG_WARN_INT_CONVERSION = YES;
				CLANG_WARN_NON_LITERAL_NULL_CONVERSION = YES;
				CLANG_WARN_OBJC_IMPLICIT_RETAIN_SELF = YES;
				CLANG_WARN_OBJC_LITERAL_CONVERSION = YES;
				CLANG_WARN_OBJC_ROOT_CLASS = YES_ERROR;
				CLANG_WARN_QUOTED_INCLUDE_IN_FRAMEWORK_HEADER = YES;
				CLANG_WARN_RANGE_LOOP_ANALYSIS = YES;
				CLANG_WARN_STRICT_PROTOTYPES = YES;
				CLANG_WARN_SUSPICIOUS_MOVE = YES;
				CLANG_WARN_UNGUARDED_AVAILABILITY = YES_AGGRESSIVE;
				CLANG_WARN_UNREACHABLE_CODE = YES;
				CLANG_WARN__DUPLICATE_METHOD_MATCH = YES;
				COPY_PHASE_STRIP = NO;
				DEBUG_INFORMATION_FORMAT = dwarf;
				ENABLE_STRICT_OBJC_MSGSEND = YES;
				ENABLE_TESTABILITY = YES;
				GCC_C_LANGUAGE_STANDARD = gnu11;
				GCC_DYNAMIC_NO_PIC = NO;
				GCC_NO_COMMON_BLOCKS = YES;
				GCC_OPTIMIZATION_LEVEL = 0;
				GCC_PREPROCESSOR_DEFINITIONS = (
					"DEBUG=1",
					"$(inherited)",
				);
				GCC_WARN_64_TO_32_BIT_CONVERSION = YES;
				GCC_WARN_ABOUT_RETURN_TYPE = YES_ERROR;
				GCC_WARN_UNDECLARED_SELECTOR = YES;
				GCC_WARN_UNINITIALIZED_AUTOS = YES_AGGRESSIVE;
				GCC_WARN_UNUSED_FUNCTION = YES;
				GCC_WARN_UNUSED_VARIABLE = YES;
				IPHONEOS_DEPLOYMENT_TARGET = 16.1;
				MTL_ENABLE_DEBUG_INFO = INCLUDE_SOURCE;
				MTL_FAST_MATH = YES;
				ONLY_ACTIVE_ARCH = YES;
				SDKROOT = iphoneos;
				SWIFT_ACTIVE_COMPILATION_CONDITIONS = DEBUG;
				SWIFT_OPTIMIZATION_LEVEL = "-Onone";
			};
			name = Debug;
		};
		B3918EE6296C9D70003A68E7 /* Release */ = {
			isa = XCBuildConfiguration;
			buildSettings = {
				ALWAYS_SEARCH_USER_PATHS = NO;
				CLANG_ANALYZER_NONNULL = YES;
				CLANG_ANALYZER_NUMBER_OBJECT_CONVERSION = YES_AGGRESSIVE;
				CLANG_CXX_LANGUAGE_STANDARD = "gnu++20";
				CLANG_ENABLE_MODULES = YES;
				CLANG_ENABLE_OBJC_ARC = YES;
				CLANG_ENABLE_OBJC_WEAK = YES;
				CLANG_WARN_BLOCK_CAPTURE_AUTORELEASING = YES;
				CLANG_WARN_BOOL_CONVERSION = YES;
				CLANG_WARN_COMMA = YES;
				CLANG_WARN_CONSTANT_CONVERSION = YES;
				CLANG_WARN_DEPRECATED_OBJC_IMPLEMENTATIONS = YES;
				CLANG_WARN_DIRECT_OBJC_ISA_USAGE = YES_ERROR;
				CLANG_WARN_DOCUMENTATION_COMMENTS = YES;
				CLANG_WARN_EMPTY_BODY = YES;
				CLANG_WARN_ENUM_CONVERSION = YES;
				CLANG_WARN_INFINITE_RECURSION = YES;
				CLANG_WARN_INT_CONVERSION = YES;
				CLANG_WARN_NON_LITERAL_NULL_CONVERSION = YES;
				CLANG_WARN_OBJC_IMPLICIT_RETAIN_SELF = YES;
				CLANG_WARN_OBJC_LITERAL_CONVERSION = YES;
				CLANG_WARN_OBJC_ROOT_CLASS = YES_ERROR;
				CLANG_WARN_QUOTED_INCLUDE_IN_FRAMEWORK_HEADER = YES;
				CLANG_WARN_RANGE_LOOP_ANALYSIS = YES;
				CLANG_WARN_STRICT_PROTOTYPES = YES;
				CLANG_WARN_SUSPICIOUS_MOVE = YES;
				CLANG_WARN_UNGUARDED_AVAILABILITY = YES_AGGRESSIVE;
				CLANG_WARN_UNREACHABLE_CODE = YES;
				CLANG_WARN__DUPLICATE_METHOD_MATCH = YES;
				COPY_PHASE_STRIP = NO;
				DEBUG_INFORMATION_FORMAT = "dwarf-with-dsym";
				ENABLE_NS_ASSERTIONS = NO;
				ENABLE_STRICT_OBJC_MSGSEND = YES;
				GCC_C_LANGUAGE_STANDARD = gnu11;
				GCC_NO_COMMON_BLOCKS = YES;
				GCC_WARN_64_TO_32_BIT_CONVERSION = YES;
				GCC_WARN_ABOUT_RETURN_TYPE = YES_ERROR;
				GCC_WARN_UNDECLARED_SELECTOR = YES;
				GCC_WARN_UNINITIALIZED_AUTOS = YES_AGGRESSIVE;
				GCC_WARN_UNUSED_FUNCTION = YES;
				GCC_WARN_UNUSED_VARIABLE = YES;
				IPHONEOS_DEPLOYMENT_TARGET = 16.1;
				MTL_ENABLE_DEBUG_INFO = NO;
				MTL_FAST_MATH = YES;
				SDKROOT = iphoneos;
				SWIFT_COMPILATION_MODE = wholemodule;
				SWIFT_OPTIMIZATION_LEVEL = "-O";
				VALIDATE_PRODUCT = YES;
			};
			name = Release;
		};
		B3918EE8296C9D70003A68E7 /* Debug */ = {
			isa = XCBuildConfiguration;
			buildSettings = {
				ASSETCATALOG_COMPILER_APPICON_NAME = AppIcon;
				ASSETCATALOG_COMPILER_GLOBAL_ACCENT_COLOR_NAME = AccentColor;
				CODE_SIGN_STYLE = Automatic;
				CURRENT_PROJECT_VERSION = 1;
				GENERATE_INFOPLIST_FILE = YES;
				INFOPLIST_FILE = MemeMeS/Info.plist;
				INFOPLIST_KEY_UIApplicationSupportsIndirectInputEvents = YES;
				INFOPLIST_KEY_UILaunchStoryboardName = LaunchScreen;
				INFOPLIST_KEY_UIMainStoryboardFile = Main;
				INFOPLIST_KEY_UISupportedInterfaceOrientations_iPad = "UIInterfaceOrientationPortrait UIInterfaceOrientationPortraitUpsideDown UIInterfaceOrientationLandscapeLeft UIInterfaceOrientationLandscapeRight";
				INFOPLIST_KEY_UISupportedInterfaceOrientations_iPhone = "UIInterfaceOrientationPortrait UIInterfaceOrientationLandscapeLeft UIInterfaceOrientationLandscapeRight";
				LD_RUNPATH_SEARCH_PATHS = (
					"$(inherited)",
					"@executable_path/Frameworks",
				);
				MARKETING_VERSION = 1.0;
				PRODUCT_BUNDLE_IDENTIFIER = udacity.MemeMeS;
				PRODUCT_NAME = "$(TARGET_NAME)";
				SWIFT_EMIT_LOC_STRINGS = YES;
				SWIFT_VERSION = 5.0;
				TARGETED_DEVICE_FAMILY = "1,2";
			};
			name = Debug;
		};
		B3918EE9296C9D70003A68E7 /* Release */ = {
			isa = XCBuildConfiguration;
			buildSettings = {
				ASSETCATALOG_COMPILER_APPICON_NAME = AppIcon;
				ASSETCATALOG_COMPILER_GLOBAL_ACCENT_COLOR_NAME = AccentColor;
				CODE_SIGN_STYLE = Automatic;
				CURRENT_PROJECT_VERSION = 1;
				GENERATE_INFOPLIST_FILE = YES;
				INFOPLIST_FILE = MemeMeS/Info.plist;
				INFOPLIST_KEY_UIApplicationSupportsIndirectInputEvents = YES;
				INFOPLIST_KEY_UILaunchStoryboardName = LaunchScreen;
				INFOPLIST_KEY_UIMainStoryboardFile = Main;
				INFOPLIST_KEY_UISupportedInterfaceOrientations_iPad = "UIInterfaceOrientationPortrait UIInterfaceOrientationPortraitUpsideDown UIInterfaceOrientationLandscapeLeft UIInterfaceOrientationLandscapeRight";
				INFOPLIST_KEY_UISupportedInterfaceOrientations_iPhone = "UIInterfaceOrientationPortrait UIInterfaceOrientationLandscapeLeft UIInterfaceOrientationLandscapeRight";
				LD_RUNPATH_SEARCH_PATHS = (
					"$(inherited)",
					"@executable_path/Frameworks",
				);
				MARKETING_VERSION = 1.0;
				PRODUCT_BUNDLE_IDENTIFIER = udacity.MemeMeS;
				PRODUCT_NAME = "$(TARGET_NAME)";
				SWIFT_EMIT_LOC_STRINGS = YES;
				SWIFT_VERSION = 5.0;
				TARGETED_DEVICE_FAMILY = "1,2";
			};
			name = Release;
		};
/* End XCBuildConfiguration section */

/* Begin XCConfigurationList section */
		B3918ECE296C9D6D003A68E7 /* Build configuration list for PBXProject "MemeMeS" */ = {
			isa = XCConfigurationList;
			buildConfigurations = (
				B3918EE5296C9D70003A68E7 /* Debug */,
				B3918EE6296C9D70003A68E7 /* Release */,
			);
			defaultConfigurationIsVisible = 0;
			defaultConfigurationName = Release;
		};
		B3918EE7296C9D70003A68E7 /* Build configuration list for PBXNativeTarget "MemeMeS" */ = {
			isa = XCConfigurationList;
			buildConfigurations = (
				B3918EE8296C9D70003A68E7 /* Debug */,
				B3918EE9296C9D70003A68E7 /* Release */,
			);
			defaultConfigurationIsVisible = 0;
			defaultConfigurationName = Release;
		};
/* End XCConfigurationList section */
	};
	rootObject = B3918ECB296C9D6D003A68E7 /* Project object */;
}
